
Microsoft Visual Studio Solution File, Format Version 12.00
# Visual Studio 15
VisualStudioVersion = 15.0.28010.2041
MinimumVisualStudioVersion = 10.0.40219.1
Project("{8BC9CEB8-8B4A-11D0-8D11-00A0C91BC942}") = "lab1", "lab1\lab1.vcxproj", "{62DC696D-F742-419D-B6FC-9030D4C8FE34}"
EndProject
Global
	GlobalSection(SolutionConfigurationPlatforms) = preSolution
		Debug|x64 = Debug|x64
		Debug|x86 = Debug|x86
		Release|x64 = Release|x64
		Release|x86 = Release|x86
	EndGlobalSection
	GlobalSection(ProjectConfigurationPlatforms) = postSolution
		{62DC696D-F742-419D-B6FC-9030D4C8FE34}.Debug|x64.ActiveCfg = Debug|x64
		{62DC696D-F742-419D-B6FC-9030D4C8FE34}.Debug|x64.Build.0 = Debug|x64
		{62DC696D-F742-419D-B6FC-9030D4C8FE34}.Debug|x86.ActiveCfg = Debug|Win32
		{62DC696D-F742-419D-B6FC-9030D4C8FE34}.Debug|x86.Build.0 = Debug|Win32
		{62DC696D-F742-419D-B6FC-9030D4C8FE34}.Release|x64.ActiveCfg = Release|x64
		{62DC696D-F742-419D-B6FC-9030D4C8FE34}.Release|x64.Build.0 = Release|x64
		{62DC696D-F742-419D-B6FC-9030D4C8FE34}.Release|x86.ActiveCfg = Release|Win32
		{62DC696D-F742-419D-B6FC-9030D4C8FE34}.Release|x86.Build.0 = Release|Win32
	EndGlobalSection
	GlobalSection(SolutionProperties) = preSolution
		HideSolutionNode = FALSE
	EndGlobalSection
	GlobalSection(ExtensibilityGlobals) = postSolution
		SolutionGuid = {95FD6190-4199-4756-9A6B-F88171B6EFA1}
	EndGlobalSection
EndGlobal
