
Microsoft Visual Studio Solution File, Format Version 12.00
# Visual Studio 15
VisualStudioVersion = 15.0.28010.2041
MinimumVisualStudioVersion = 10.0.40219.1
Project("{8BC9CEB8-8B4A-11D0-8D11-00A0C91BC942}") = "lab3", "lab3\lab3.vcxproj", "{054B9495-D28D-4C27-929C-CF65124A255A}"
EndProject
Project("{8BC9CEB8-8B4A-11D0-8D11-00A0C91BC942}") = "lab1", "lab1\lab1.vcxproj", "{62DC696D-F742-419D-B6FC-9030D4C8FE34}"
EndProject
Project("{8BC9CEB8-8B4A-11D0-8D11-00A0C91BC942}") = "lab2", "lab2\lab2.vcxproj", "{181825B1-23A7-40B4-9DCC-70F928199C64}"
EndProject
Project("{8BC9CEB8-8B4A-11D0-8D11-00A0C91BC942}") = "lab5", "lab5\lab5.vcxproj", "{9D9056D5-D97C-4E72-B43A-2EDF7E6CE6A4}"
EndProject
Project("{8BC9CEB8-8B4A-11D0-8D11-00A0C91BC942}") = "lab6", "lab6\lab6.vcxproj", "{A899CDDE-3946-4F60-A6B8-97CF0CF0FBCE}"
EndProject
Project("{8BC9CEB8-8B4A-11D0-8D11-00A0C91BC942}") = "lab7", "lab7\lab7.vcxproj", "{B8715CC4-C00B-45A8-A0E6-EE95C83DE849}"
EndProject
Project("{8BC9CEB8-8B4A-11D0-8D11-00A0C91BC942}") = "lab8", "lab8\lab8.vcxproj", "{2A0E3DE8-43B9-4A37-A12E-EA393543FD72}"
EndProject
Project("{8BC9CEB8-8B4A-11D0-8D11-00A0C91BC942}") = "lab22.09", "lab22.09\lab22.09.vcxproj", "{A5C028FB-3288-4B5C-B0B4-77157FDB054A}"
EndProject
Project("{8BC9CEB8-8B4A-11D0-8D11-00A0C91BC942}") = "lab9", "lab9\lab9.vcxproj", "{8568D503-B537-4D29-BA19-F04154945500}"
EndProject
Project("{8BC9CEB8-8B4A-11D0-8D11-00A0C91BC942}") = "Overload", "Overload\Overload.vcxproj", "{B446E310-61D7-4DA4-B78F-66F3D14A4610}"
EndProject
Global
	GlobalSection(SolutionConfigurationPlatforms) = preSolution
		Debug|x64 = Debug|x64
		Debug|x86 = Debug|x86
		Release|x64 = Release|x64
		Release|x86 = Release|x86
	EndGlobalSection
	GlobalSection(ProjectConfigurationPlatforms) = postSolution
		{054B9495-D28D-4C27-929C-CF65124A255A}.Debug|x64.ActiveCfg = Debug|x64
		{054B9495-D28D-4C27-929C-CF65124A255A}.Debug|x64.Build.0 = Debug|x64
		{054B9495-D28D-4C27-929C-CF65124A255A}.Debug|x86.ActiveCfg = Debug|Win32
		{054B9495-D28D-4C27-929C-CF65124A255A}.Debug|x86.Build.0 = Debug|Win32
		{054B9495-D28D-4C27-929C-CF65124A255A}.Release|x64.ActiveCfg = Release|x64
		{054B9495-D28D-4C27-929C-CF65124A255A}.Release|x64.Build.0 = Release|x64
		{054B9495-D28D-4C27-929C-CF65124A255A}.Release|x86.ActiveCfg = Release|Win32
		{054B9495-D28D-4C27-929C-CF65124A255A}.Release|x86.Build.0 = Release|Win32
		{62DC696D-F742-419D-B6FC-9030D4C8FE34}.Debug|x64.ActiveCfg = Debug|x64
		{62DC696D-F742-419D-B6FC-9030D4C8FE34}.Debug|x64.Build.0 = Debug|x64
		{62DC696D-F742-419D-B6FC-9030D4C8FE34}.Debug|x86.ActiveCfg = Debug|Win32
		{62DC696D-F742-419D-B6FC-9030D4C8FE34}.Debug|x86.Build.0 = Debug|Win32
		{62DC696D-F742-419D-B6FC-9030D4C8FE34}.Release|x64.ActiveCfg = Release|x64
		{62DC696D-F742-419D-B6FC-9030D4C8FE34}.Release|x64.Build.0 = Release|x64
		{62DC696D-F742-419D-B6FC-9030D4C8FE34}.Release|x86.ActiveCfg = Release|Win32
		{62DC696D-F742-419D-B6FC-9030D4C8FE34}.Release|x86.Build.0 = Release|Win32
		{181825B1-23A7-40B4-9DCC-70F928199C64}.Debug|x64.ActiveCfg = Debug|x64
		{181825B1-23A7-40B4-9DCC-70F928199C64}.Debug|x64.Build.0 = Debug|x64
		{181825B1-23A7-40B4-9DCC-70F928199C64}.Debug|x86.ActiveCfg = Debug|Win32
		{181825B1-23A7-40B4-9DCC-70F928199C64}.Debug|x86.Build.0 = Debug|Win32
		{181825B1-23A7-40B4-9DCC-70F928199C64}.Release|x64.ActiveCfg = Release|x64
		{181825B1-23A7-40B4-9DCC-70F928199C64}.Release|x64.Build.0 = Release|x64
		{181825B1-23A7-40B4-9DCC-70F928199C64}.Release|x86.ActiveCfg = Release|Win32
		{181825B1-23A7-40B4-9DCC-70F928199C64}.Release|x86.Build.0 = Release|Win32
		{9D9056D5-D97C-4E72-B43A-2EDF7E6CE6A4}.Debug|x64.ActiveCfg = Debug|x64
		{9D9056D5-D97C-4E72-B43A-2EDF7E6CE6A4}.Debug|x64.Build.0 = Debug|x64
		{9D9056D5-D97C-4E72-B43A-2EDF7E6CE6A4}.Debug|x86.ActiveCfg = Debug|Win32
		{9D9056D5-D97C-4E72-B43A-2EDF7E6CE6A4}.Debug|x86.Build.0 = Debug|Win32
		{9D9056D5-D97C-4E72-B43A-2EDF7E6CE6A4}.Release|x64.ActiveCfg = Release|x64
		{9D9056D5-D97C-4E72-B43A-2EDF7E6CE6A4}.Release|x64.Build.0 = Release|x64
		{9D9056D5-D97C-4E72-B43A-2EDF7E6CE6A4}.Release|x86.ActiveCfg = Release|Win32
		{9D9056D5-D97C-4E72-B43A-2EDF7E6CE6A4}.Release|x86.Build.0 = Release|Win32
		{A899CDDE-3946-4F60-A6B8-97CF0CF0FBCE}.Debug|x64.ActiveCfg = Debug|x64
		{A899CDDE-3946-4F60-A6B8-97CF0CF0FBCE}.Debug|x64.Build.0 = Debug|x64
		{A899CDDE-3946-4F60-A6B8-97CF0CF0FBCE}.Debug|x86.ActiveCfg = Debug|Win32
		{A899CDDE-3946-4F60-A6B8-97CF0CF0FBCE}.Debug|x86.Build.0 = Debug|Win32
		{A899CDDE-3946-4F60-A6B8-97CF0CF0FBCE}.Release|x64.ActiveCfg = Release|x64
		{A899CDDE-3946-4F60-A6B8-97CF0CF0FBCE}.Release|x64.Build.0 = Release|x64
		{A899CDDE-3946-4F60-A6B8-97CF0CF0FBCE}.Release|x86.ActiveCfg = Release|Win32
		{A899CDDE-3946-4F60-A6B8-97CF0CF0FBCE}.Release|x86.Build.0 = Release|Win32
		{B8715CC4-C00B-45A8-A0E6-EE95C83DE849}.Debug|x64.ActiveCfg = Debug|x64
		{B8715CC4-C00B-45A8-A0E6-EE95C83DE849}.Debug|x64.Build.0 = Debug|x64
		{B8715CC4-C00B-45A8-A0E6-EE95C83DE849}.Debug|x86.ActiveCfg = Debug|Win32
		{B8715CC4-C00B-45A8-A0E6-EE95C83DE849}.Debug|x86.Build.0 = Debug|Win32
		{B8715CC4-C00B-45A8-A0E6-EE95C83DE849}.Release|x64.ActiveCfg = Release|x64
		{B8715CC4-C00B-45A8-A0E6-EE95C83DE849}.Release|x64.Build.0 = Release|x64
		{B8715CC4-C00B-45A8-A0E6-EE95C83DE849}.Release|x86.ActiveCfg = Release|Win32
		{B8715CC4-C00B-45A8-A0E6-EE95C83DE849}.Release|x86.Build.0 = Release|Win32
		{2A0E3DE8-43B9-4A37-A12E-EA393543FD72}.Debug|x64.ActiveCfg = Debug|x64
		{2A0E3DE8-43B9-4A37-A12E-EA393543FD72}.Debug|x64.Build.0 = Debug|x64
		{2A0E3DE8-43B9-4A37-A12E-EA393543FD72}.Debug|x86.ActiveCfg = Debug|Win32
		{2A0E3DE8-43B9-4A37-A12E-EA393543FD72}.Debug|x86.Build.0 = Debug|Win32
		{2A0E3DE8-43B9-4A37-A12E-EA393543FD72}.Release|x64.ActiveCfg = Release|x64
		{2A0E3DE8-43B9-4A37-A12E-EA393543FD72}.Release|x64.Build.0 = Release|x64
		{2A0E3DE8-43B9-4A37-A12E-EA393543FD72}.Release|x86.ActiveCfg = Release|Win32
		{2A0E3DE8-43B9-4A37-A12E-EA393543FD72}.Release|x86.Build.0 = Release|Win32
		{A5C028FB-3288-4B5C-B0B4-77157FDB054A}.Debug|x64.ActiveCfg = Debug|x64
		{A5C028FB-3288-4B5C-B0B4-77157FDB054A}.Debug|x64.Build.0 = Debug|x64
		{A5C028FB-3288-4B5C-B0B4-77157FDB054A}.Debug|x86.ActiveCfg = Debug|Win32
		{A5C028FB-3288-4B5C-B0B4-77157FDB054A}.Debug|x86.Build.0 = Debug|Win32
		{A5C028FB-3288-4B5C-B0B4-77157FDB054A}.Release|x64.ActiveCfg = Release|x64
		{A5C028FB-3288-4B5C-B0B4-77157FDB054A}.Release|x64.Build.0 = Release|x64
		{A5C028FB-3288-4B5C-B0B4-77157FDB054A}.Release|x86.ActiveCfg = Release|Win32
		{A5C028FB-3288-4B5C-B0B4-77157FDB054A}.Release|x86.Build.0 = Release|Win32
		{8568D503-B537-4D29-BA19-F04154945500}.Debug|x64.ActiveCfg = Debug|x64
		{8568D503-B537-4D29-BA19-F04154945500}.Debug|x64.Build.0 = Debug|x64
		{8568D503-B537-4D29-BA19-F04154945500}.Debug|x86.ActiveCfg = Debug|Win32
		{8568D503-B537-4D29-BA19-F04154945500}.Debug|x86.Build.0 = Debug|Win32
		{8568D503-B537-4D29-BA19-F04154945500}.Release|x64.ActiveCfg = Release|x64
		{8568D503-B537-4D29-BA19-F04154945500}.Release|x64.Build.0 = Release|x64
		{8568D503-B537-4D29-BA19-F04154945500}.Release|x86.ActiveCfg = Release|Win32
		{8568D503-B537-4D29-BA19-F04154945500}.Release|x86.Build.0 = Release|Win32
		{B446E310-61D7-4DA4-B78F-66F3D14A4610}.Debug|x64.ActiveCfg = Debug|x64
		{B446E310-61D7-4DA4-B78F-66F3D14A4610}.Debug|x64.Build.0 = Debug|x64
		{B446E310-61D7-4DA4-B78F-66F3D14A4610}.Debug|x86.ActiveCfg = Debug|Win32
		{B446E310-61D7-4DA4-B78F-66F3D14A4610}.Debug|x86.Build.0 = Debug|Win32
		{B446E310-61D7-4DA4-B78F-66F3D14A4610}.Release|x64.ActiveCfg = Release|x64
		{B446E310-61D7-4DA4-B78F-66F3D14A4610}.Release|x64.Build.0 = Release|x64
		{B446E310-61D7-4DA4-B78F-66F3D14A4610}.Release|x86.ActiveCfg = Release|Win32
		{B446E310-61D7-4DA4-B78F-66F3D14A4610}.Release|x86.Build.0 = Release|Win32
	EndGlobalSection
	GlobalSection(SolutionProperties) = preSolution
		HideSolutionNode = FALSE
	EndGlobalSection
	GlobalSection(ExtensibilityGlobals) = postSolution
		SolutionGuid = {770C3BBE-0ABE-4242-938E-B1B9EB918F76}
	EndGlobalSection
EndGlobal
